
Microsoft Visual Studio Solution File, Format Version 12.00
# Visual Studio 15
VisualStudioVersion = 15.0.28307.106
MinimumVisualStudioVersion = 10.0.40219.1
Project("{FAE04EC0-301F-11D3-BF4B-00C04F79EFBC}") = "Rayvarz.inv.assistant.service", "Rayvarz.inv.assistant.service\Rayvarz.inv.assistant.service.csproj", "{25C67186-2E53-48C3-BC91-75588A1D50A1}"
EndProject
Project("{FAE04EC0-301F-11D3-BF4B-00C04F79EFBC}") = "Rayvarz.inv.assistant.service.Tests", "Rayvarz.inv.assistant.service.Tests\Rayvarz.inv.assistant.service.Tests.csproj", "{059A0656-7CD4-4CB2-BBC0-5D91C7D21D97}"
EndProject
Project("{00D1A9C2-B5F0-4AF3-8072-F6C62B433612}") = "rayInvDB", "rayInvDB\rayInvDB.sqlproj", "{CDAFB396-85DB-4658-A6A2-1970B6C33FA0}"
EndProject
Global
	GlobalSection(SolutionConfigurationPlatforms) = preSolution
		Debug|Any CPU = Debug|Any CPU
		Release|Any CPU = Release|Any CPU
	EndGlobalSection
	GlobalSection(ProjectConfigurationPlatforms) = postSolution
		{25C67186-2E53-48C3-BC91-75588A1D50A1}.Debug|Any CPU.ActiveCfg = Debug|Any CPU
		{25C67186-2E53-48C3-BC91-75588A1D50A1}.Debug|Any CPU.Build.0 = Debug|Any CPU
		{25C67186-2E53-48C3-BC91-75588A1D50A1}.Release|Any CPU.ActiveCfg = Release|Any CPU
		{25C67186-2E53-48C3-BC91-75588A1D50A1}.Release|Any CPU.Build.0 = Release|Any CPU
		{059A0656-7CD4-4CB2-BBC0-5D91C7D21D97}.Debug|Any CPU.ActiveCfg = Debug|Any CPU
		{059A0656-7CD4-4CB2-BBC0-5D91C7D21D97}.Debug|Any CPU.Build.0 = Debug|Any CPU
		{059A0656-7CD4-4CB2-BBC0-5D91C7D21D97}.Release|Any CPU.ActiveCfg = Release|Any CPU
		{059A0656-7CD4-4CB2-BBC0-5D91C7D21D97}.Release|Any CPU.Build.0 = Release|Any CPU
		{CDAFB396-85DB-4658-A6A2-1970B6C33FA0}.Debug|Any CPU.ActiveCfg = Debug|Any CPU
		{CDAFB396-85DB-4658-A6A2-1970B6C33FA0}.Debug|Any CPU.Build.0 = Debug|Any CPU
		{CDAFB396-85DB-4658-A6A2-1970B6C33FA0}.Debug|Any CPU.Deploy.0 = Debug|Any CPU
		{CDAFB396-85DB-4658-A6A2-1970B6C33FA0}.Release|Any CPU.ActiveCfg = Release|Any CPU
		{CDAFB396-85DB-4658-A6A2-1970B6C33FA0}.Release|Any CPU.Build.0 = Release|Any CPU
		{CDAFB396-85DB-4658-A6A2-1970B6C33FA0}.Release|Any CPU.Deploy.0 = Release|Any CPU
	EndGlobalSection
	GlobalSection(SolutionProperties) = preSolution
		HideSolutionNode = FALSE
	EndGlobalSection
	GlobalSection(ExtensibilityGlobals) = postSolution
		SolutionGuid = {9B943F9E-C91A-4F20-82B0-371B850789FB}
	EndGlobalSection
EndGlobal
